
Microsoft Visual Studio Solution File, Format Version 12.00
# Visual Studio 15
VisualStudioVersion = 15.0.27703.2047
MinimumVisualStudioVersion = 10.0.40219.1
Project("{FAE04EC0-301F-11D3-BF4B-00C04F79EFBC}") = "EpicenterFinderSimulation", "EpicenterFinderSimulation\EpicenterFinderSimulation.csproj", "{8A4C24D2-4882-4AD9-98CD-41D2BDA1127C}"
EndProject
Global
	GlobalSection(SolutionConfigurationPlatforms) = preSolution
		Debug|Any CPU = Debug|Any CPU
		Release|Any CPU = Release|Any CPU
	EndGlobalSection
	GlobalSection(ProjectConfigurationPlatforms) = postSolution
		{8A4C24D2-4882-4AD9-98CD-41D2BDA1127C}.Debug|Any CPU.ActiveCfg = Debug|Any CPU
		{8A4C24D2-4882-4AD9-98CD-41D2BDA1127C}.Debug|Any CPU.Build.0 = Debug|Any CPU
		{8A4C24D2-4882-4AD9-98CD-41D2BDA1127C}.Release|Any CPU.ActiveCfg = Release|Any CPU
		{8A4C24D2-4882-4AD9-98CD-41D2BDA1127C}.Release|Any CPU.Build.0 = Release|Any CPU
	EndGlobalSection
	GlobalSection(SolutionProperties) = preSolution
		HideSolutionNode = FALSE
	EndGlobalSection
	GlobalSection(ExtensibilityGlobals) = postSolution
		SolutionGuid = {6BCF9371-6B84-4EC8-953D-D2BB44F0F306}
	EndGlobalSection
EndGlobal
